
Microsoft Visual Studio Solution File, Format Version 12.00
# Visual Studio Version 17
VisualStudioVersion = 17.5.002.0
MinimumVisualStudioVersion = 10.0.40219.1
Project("{9A19103F-16F7-4668-BE54-9A1E7A4F7556}") = "APIestacionamento", "APIestacionamento.csproj", "{D2EE8E9A-8FDB-4EDB-A209-F010125690B7}"
EndProject
Global
	GlobalSection(SolutionConfigurationPlatforms) = preSolution
		Debug|Any CPU = Debug|Any CPU
		Release|Any CPU = Release|Any CPU
	EndGlobalSection
	GlobalSection(ProjectConfigurationPlatforms) = postSolution
		{D2EE8E9A-8FDB-4EDB-A209-F010125690B7}.Debug|Any CPU.ActiveCfg = Debug|Any CPU
		{D2EE8E9A-8FDB-4EDB-A209-F010125690B7}.Debug|Any CPU.Build.0 = Debug|Any CPU
		{D2EE8E9A-8FDB-4EDB-A209-F010125690B7}.Release|Any CPU.ActiveCfg = Release|Any CPU
		{D2EE8E9A-8FDB-4EDB-A209-F010125690B7}.Release|Any CPU.Build.0 = Release|Any CPU
	EndGlobalSection
	GlobalSection(SolutionProperties) = preSolution
		HideSolutionNode = FALSE
	EndGlobalSection
	GlobalSection(ExtensibilityGlobals) = postSolution
		SolutionGuid = {01578BCF-19A6-4674-9725-71A6055B5A0B}
	EndGlobalSection
EndGlobal
